
Microsoft Visual Studio Solution File, Format Version 12.00
# Visual Studio Version 17
VisualStudioVersion = 17.9.34714.143
MinimumVisualStudioVersion = 10.0.40219.1
Project("{9A19103F-16F7-4668-BE54-9A1E7A4F7556}") = "POSWPF.View", "POSWPF.View\POSWPF.View.csproj", "{549FD039-A4A1-4A7B-AB83-70FD151E7057}"
EndProject
Project("{9A19103F-16F7-4668-BE54-9A1E7A4F7556}") = "POSWPF.Domain", "POSWPF.Domain\POSWPF.Domain.csproj", "{E9D446E7-2ECF-4FCD-B34C-881732D7A5B3}"
EndProject
Project("{FAE04EC0-301F-11D3-BF4B-00C04F79EFBC}") = "PlaceholderTextBox", "PlaceholderTextBox\PlaceholderTextBox.csproj", "{A0DC2C09-B513-49D9-9CC8-5AB085FA66D9}"
EndProject
Global
	GlobalSection(SolutionConfigurationPlatforms) = preSolution
		Debug|Any CPU = Debug|Any CPU
		Release|Any CPU = Release|Any CPU
	EndGlobalSection
	GlobalSection(ProjectConfigurationPlatforms) = postSolution
		{549FD039-A4A1-4A7B-AB83-70FD151E7057}.Debug|Any CPU.ActiveCfg = Debug|Any CPU
		{549FD039-A4A1-4A7B-AB83-70FD151E7057}.Debug|Any CPU.Build.0 = Debug|Any CPU
		{549FD039-A4A1-4A7B-AB83-70FD151E7057}.Release|Any CPU.ActiveCfg = Release|Any CPU
		{549FD039-A4A1-4A7B-AB83-70FD151E7057}.Release|Any CPU.Build.0 = Release|Any CPU
		{E9D446E7-2ECF-4FCD-B34C-881732D7A5B3}.Debug|Any CPU.ActiveCfg = Debug|Any CPU
		{E9D446E7-2ECF-4FCD-B34C-881732D7A5B3}.Debug|Any CPU.Build.0 = Debug|Any CPU
		{E9D446E7-2ECF-4FCD-B34C-881732D7A5B3}.Release|Any CPU.ActiveCfg = Release|Any CPU
		{E9D446E7-2ECF-4FCD-B34C-881732D7A5B3}.Release|Any CPU.Build.0 = Release|Any CPU
		{A0DC2C09-B513-49D9-9CC8-5AB085FA66D9}.Debug|Any CPU.ActiveCfg = Debug|Any CPU
		{A0DC2C09-B513-49D9-9CC8-5AB085FA66D9}.Debug|Any CPU.Build.0 = Debug|Any CPU
		{A0DC2C09-B513-49D9-9CC8-5AB085FA66D9}.Release|Any CPU.ActiveCfg = Release|Any CPU
		{A0DC2C09-B513-49D9-9CC8-5AB085FA66D9}.Release|Any CPU.Build.0 = Release|Any CPU
	EndGlobalSection
	GlobalSection(SolutionProperties) = preSolution
		HideSolutionNode = FALSE
	EndGlobalSection
	GlobalSection(ExtensibilityGlobals) = postSolution
		SolutionGuid = {A5C8F0AB-9F9E-4450-ACE9-A636D05E165B}
	EndGlobalSection
EndGlobal
